{
  "version": 4,
  "terraform_version": "1.3.2",
  "serial": 3,
  "lineage": "916ab6f1-231b-d4fd-7694-e14e2b7e64b4",
  "outputs": {},
  "resources": [
    {
      "mode": "managed",
      "type": "google_compute_address",
      "name": "nginx",
      "provider": "provider[\"registry.terraform.io/hashicorp/google\"]",
      "instances": [
        {
          "schema_version": 0,
          "attributes": {
            "address": "34.132.82.8",
            "address_type": "EXTERNAL",
            "creation_timestamp": "2023-09-21T11:01:33.301-07:00",
            "description": "",
            "id": "projects/steam-circlet-355619/regions/us-central1/addresses/nginx",
            "ip_version": "",
            "ipv6_endpoint_type": "",
            "name": "nginx",
            "network": "",
            "network_tier": "PREMIUM",
            "prefix_length": 0,
            "project": "steam-circlet-355619",
            "purpose": "",
            "region": "us-central1",
            "self_link": "https://www.googleapis.com/compute/v1/projects/steam-circlet-355619/regions/us-central1/addresses/nginx",
            "subnetwork": "",
            "timeouts": null,
            "users": []
          },
          "sensitive_attributes": [],
          "private": "eyJlMmJmYjczMC1lY2FhLTExZTYtOGY4OC0zNDM2M2JjN2M0YzAiOnsiY3JlYXRlIjoxMjAwMDAwMDAwMDAwLCJkZWxldGUiOjEyMDAwMDAwMDAwMDB9fQ=="
        }
      ]
    },
    {
      "mode": "managed",
      "type": "google_container_cluster",
      "name": "gke_cluster",
      "provider": "provider[\"registry.terraform.io/hashicorp/google\"]",
      "instances": [
        {
          "schema_version": 1,
          "attributes": {
            "addons_config": [
              {
                "cloudrun_config": [],
                "config_connector_config": [],
                "dns_cache_config": [],
                "gce_persistent_disk_csi_driver_config": [
                  {
                    "enabled": true
                  }
                ],
                "gcp_filestore_csi_driver_config": [],
                "gcs_fuse_csi_driver_config": [],
                "gke_backup_agent_config": [],
                "horizontal_pod_autoscaling": [],
                "http_load_balancing": [],
                "network_policy_config": [
                  {
                    "disabled": true
                  }
                ]
              }
            ],
            "allow_net_admin": null,
            "authenticator_groups_config": [],
            "binary_authorization": [
              {
                "enabled": false,
                "evaluation_mode": ""
              }
            ],
            "cluster_autoscaling": [
              {
                "auto_provisioning_defaults": [],
                "enabled": false,
                "resource_limits": []
              }
            ],
            "cluster_ipv4_cidr": "10.0.0.0/14",
            "confidential_nodes": [],
            "cost_management_config": [],
            "database_encryption": [
              {
                "key_name": "",
                "state": "DECRYPTED"
              }
            ],
            "datapath_provider": "",
            "default_max_pods_per_node": null,
            "default_snat_status": [
              {
                "disabled": false
              }
            ],
            "description": "",
            "dns_config": [],
            "enable_autopilot": false,
            "enable_binary_authorization": false,
            "enable_intranode_visibility": false,
            "enable_k8s_beta_apis": [],
            "enable_kubernetes_alpha": false,
            "enable_l4_ilb_subsetting": false,
            "enable_legacy_abac": false,
            "enable_shielded_nodes": true,
            "enable_tpu": false,
            "endpoint": "104.198.42.248",
            "gateway_api_config": [],
            "id": "projects/steam-circlet-355619/locations/us-central1/clusters/i4tcluster",
            "initial_node_count": 1,
            "ip_allocation_policy": [],
            "label_fingerprint": "a9dc16a7",
            "location": "us-central1",
            "logging_config": [
              {
                "enable_components": [
                  "SYSTEM_COMPONENTS",
                  "WORKLOADS"
                ]
              }
            ],
            "logging_service": "logging.googleapis.com/kubernetes",
            "maintenance_policy": [],
            "master_auth": [
              {
                "client_certificate": "",
                "client_certificate_config": [
                  {
                    "issue_client_certificate": false
                  }
                ],
                "client_key": "",
                "cluster_ca_certificate": "LS0tLS1CRUdJTiBDRVJUSUZJQ0FURS0tLS0tCk1JSUVMRENDQXBTZ0F3SUJBZ0lRV3VKNytvTEpHcUxXbjRtQ2tIMlBVREFOQmdrcWhraUc5dzBCQVFzRkFEQXYKTVMwd0t3WURWUVFERXlSbE16STVNVFZpT0MwNE1qVTBMVFJoTnpNdFlqTmtNaTFqTmpFMVpEY3pOak01TVRBdwpJQmNOTWpNd09USXhNVGN3TVRNeldoZ1BNakExTXpBNU1UTXhPREF4TXpOYU1DOHhMVEFyQmdOVkJBTVRKR1V6Ck1qa3hOV0k0TFRneU5UUXROR0UzTXkxaU0yUXlMV00yTVRWa056TTJNemt4TURDQ0FhSXdEUVlKS29aSWh2Y04KQVFFQkJRQURnZ0dQQURDQ0FZb0NnZ0dCQU5idGQ5V05INjczck1naFpvQ3U2SkcxZE8xd2VsbndlQitWL0YwNQpSbXVEWllQZi91Rnl5a0Z2NkxpME5SQnNRMXJ1ZFlId3IwTGJGK1B6MTRzWXpXOVJNSXNHbW9uUUcycHRsK0cvCnUxVkw5QjNIc2V1YVJ3TGJ3WkpUajhmcVNubkRqVTBlWDlkMkRzK0hiSTdUVkh1dW5Jbi9ick5GZUZVNzBrS28Ka1RBZTcxOFBQQjN3YWVucndJYnBkTjZYMUdRUFVXZmhmUFgyeTZYQk03K0RZa3ByMSszTU1SbzcvckpMeExQWgpYSTJjbXJhSXZLMVpvcytpbCtTTVdpbW1rTTJ0a0VEMUI4RTBndCs5Vm9ac0taY2xNR2Y5QS91WExzWXpjSWM0Cllka2VJeHZ2dnJRRUMzb1pxdVFQTHlQVzM2ckpMNHdzbnE5RXVhT1F4cUNKdEtTbXQ2bWJ2dzFyMG00WXBNOFUKSUY2UXJyNVFMbUR5ZHFLdWNXSExZL1Q0KzJUYWdrc1ZHd1N5blBYcHMyd3V4VzBFcHQ4ZjJQMDg0M0NSUHVKSgpMWEhlYUtRSEpUQUhXRlFwd0lPdmpMTmQvQjYrRkJFa3BiVGxLWnZZSEo1ZFNPQWw0WTJvSmQraDYrdDdGeDhICkJWa3JKbG9RMzRaNGtkSWRVc0o5SHUrWUh3SURBUUFCbzBJd1FEQU9CZ05WSFE4QkFmOEVCQU1DQWdRd0R3WUQKVlIwVEFRSC9CQVV3QXdFQi96QWRCZ05WSFE0RUZnUVVKbXI0MytSVVB1RlBDV2k0YWNjNExPaThURUl3RFFZSgpLb1pJaHZjTkFRRUxCUUFEZ2dHQkFLQUxrTUZGeGpxbHh4VHdaeTVqQk1sQ2s4Rms0dXRHMUVKNk9HS0d0eEJoCitaNVp4aXdRY0k3OU1tZEIwTm01TVozUGxhMmFMVEplY25QWDl5OVRiWDB3T0hmVFI4c2swS0hQV28rdGVGTFoKVHBwSUlrTFNUS0NCVkxiQmw1THd4ZS9hWFhUdmRoRWRaeHdsdnd1azZJbVZoTnBicEtpTjVPaG9yckJhN09iLwpQNUxpNTFqcFdOK2FFb21qZWxXeGZlOU9xb3dTbGgrYmx4MWRPYmxkck9zcDRGOG9Mc2ZFdlBSN1JDTUJIdDZKCmJrRmhiODA1eXhzNitHYUY2QVRhZWFTVHVvbndVcTB4cnNqV1psNlBOek5lSnN0dEp1MjMzVkVQS3V3ZzdCOWMKemlBeGRWTzZvZndyVXJKYmc2dC9lQjZDY2o0NGZqY2g0dzQ5eE9UZ3lPNkg0MWI3a1l5MFl6cEtHc29GVGJNNwpPUG1TOU10QzFENkFvbGdvWHNWejNVY2JQRkw2ZWhoMjJ0RGFUdVM5aDBKVEtCL3ZEOHlmTzF2SHlwd3NabGlhCmNhNTkzRjR2QnI0VWphTE5lR2dxbDU0UWFVT0tCdFY3SGpPcWtXNWN1Zlc5Wjh4L2l3UFlBOEQvL3FHRVoyaFUKcm0xZlhiRFhaeW83eGxSVlZRd1lTZz09Ci0tLS0tRU5EIENFUlRJRklDQVRFLS0tLS0K"
              }
            ],
            "master_authorized_networks_config": [],
            "master_version": "1.27.3-gke.100",
            "mesh_certificates": [],
            "min_master_version": null,
            "monitoring_config": [
              {
                "advanced_datapath_observability_config": [
                  {
                    "enable_metrics": false,
                    "relay_mode": "DISABLED"
                  }
                ],
                "enable_components": [
                  "SYSTEM_COMPONENTS"
                ],
                "managed_prometheus": [
                  {
                    "enabled": true
                  }
                ]
              }
            ],
            "monitoring_service": "monitoring.googleapis.com/kubernetes",
            "name": "i4tcluster",
            "network": "projects/steam-circlet-355619/global/networks/default",
            "network_policy": [
              {
                "enabled": false,
                "provider": "PROVIDER_UNSPECIFIED"
              }
            ],
            "networking_mode": "ROUTES",
            "node_config": [
              {
                "advanced_machine_features": [],
                "boot_disk_kms_key": "",
                "confidential_nodes": [],
                "disk_size_gb": 100,
                "disk_type": "pd-balanced",
                "ephemeral_storage_local_ssd_config": [],
                "gcfs_config": [],
                "guest_accelerator": [],
                "gvnic": [],
                "host_maintenance_policy": [],
                "image_type": "COS_CONTAINERD",
                "kubelet_config": [],
                "labels": {},
                "linux_node_config": [],
                "local_nvme_ssd_block_config": [],
                "local_ssd_count": 0,
                "logging_variant": "DEFAULT",
                "machine_type": "e2-medium",
                "metadata": {
                  "disable-legacy-endpoints": "true"
                },
                "min_cpu_platform": "",
                "node_group": "",
                "oauth_scopes": [
                  "https://www.googleapis.com/auth/devstorage.read_only",
                  "https://www.googleapis.com/auth/logging.write",
                  "https://www.googleapis.com/auth/monitoring",
                  "https://www.googleapis.com/auth/service.management.readonly",
                  "https://www.googleapis.com/auth/servicecontrol",
                  "https://www.googleapis.com/auth/trace.append"
                ],
                "preemptible": false,
                "reservation_affinity": [],
                "resource_labels": null,
                "service_account": "default",
                "shielded_instance_config": [
                  {
                    "enable_integrity_monitoring": true,
                    "enable_secure_boot": false
                  }
                ],
                "sole_tenant_config": [],
                "spot": false,
                "tags": null,
                "taint": [],
                "workload_metadata_config": []
              }
            ],
            "node_locations": [
              "us-central1-b",
              "us-central1-c",
              "us-central1-f"
            ],
            "node_pool": [
              {
                "autoscaling": [],
                "initial_node_count": 1,
                "instance_group_urls": [
                  "https://www.googleapis.com/compute/v1/projects/steam-circlet-355619/zones/us-central1-f/instanceGroupManagers/gke-i4tcluster-default-pool-f9678d14-grp",
                  "https://www.googleapis.com/compute/v1/projects/steam-circlet-355619/zones/us-central1-b/instanceGroupManagers/gke-i4tcluster-default-pool-ecf9fdd2-grp",
                  "https://www.googleapis.com/compute/v1/projects/steam-circlet-355619/zones/us-central1-c/instanceGroupManagers/gke-i4tcluster-default-pool-efa1ee20-grp"
                ],
                "managed_instance_group_urls": [
                  "https://www.googleapis.com/compute/v1/projects/steam-circlet-355619/zones/us-central1-f/instanceGroups/gke-i4tcluster-default-pool-f9678d14-grp",
                  "https://www.googleapis.com/compute/v1/projects/steam-circlet-355619/zones/us-central1-b/instanceGroups/gke-i4tcluster-default-pool-ecf9fdd2-grp",
                  "https://www.googleapis.com/compute/v1/projects/steam-circlet-355619/zones/us-central1-c/instanceGroups/gke-i4tcluster-default-pool-efa1ee20-grp"
                ],
                "management": [
                  {
                    "auto_repair": true,
                    "auto_upgrade": true
                  }
                ],
                "max_pods_per_node": 0,
                "name": "default-pool",
                "name_prefix": "",
                "network_config": [
                  {
                    "create_pod_range": false,
                    "enable_private_nodes": false,
                    "pod_cidr_overprovision_config": [],
                    "pod_ipv4_cidr_block": "",
                    "pod_range": ""
                  }
                ],
                "node_config": [
                  {
                    "advanced_machine_features": [],
                    "boot_disk_kms_key": "",
                    "confidential_nodes": [],
                    "disk_size_gb": 100,
                    "disk_type": "pd-balanced",
                    "ephemeral_storage_local_ssd_config": [],
                    "gcfs_config": [],
                    "guest_accelerator": [],
                    "gvnic": [],
                    "host_maintenance_policy": [],
                    "image_type": "COS_CONTAINERD",
                    "kubelet_config": [],
                    "labels": {},
                    "linux_node_config": [],
                    "local_nvme_ssd_block_config": [],
                    "local_ssd_count": 0,
                    "logging_variant": "DEFAULT",
                    "machine_type": "e2-medium",
                    "metadata": {
                      "disable-legacy-endpoints": "true"
                    },
                    "min_cpu_platform": "",
                    "node_group": "",
                    "oauth_scopes": [
                      "https://www.googleapis.com/auth/devstorage.read_only",
                      "https://www.googleapis.com/auth/logging.write",
                      "https://www.googleapis.com/auth/monitoring",
                      "https://www.googleapis.com/auth/service.management.readonly",
                      "https://www.googleapis.com/auth/servicecontrol",
                      "https://www.googleapis.com/auth/trace.append"
                    ],
                    "preemptible": false,
                    "reservation_affinity": [],
                    "resource_labels": {},
                    "service_account": "default",
                    "shielded_instance_config": [
                      {
                        "enable_integrity_monitoring": true,
                        "enable_secure_boot": false
                      }
                    ],
                    "sole_tenant_config": [],
                    "spot": false,
                    "tags": [],
                    "taint": [],
                    "workload_metadata_config": []
                  }
                ],
                "node_count": 1,
                "node_locations": [
                  "us-central1-b",
                  "us-central1-c",
                  "us-central1-f"
                ],
                "placement_policy": [],
                "upgrade_settings": [
                  {
                    "blue_green_settings": [],
                    "max_surge": 1,
                    "max_unavailable": 0,
                    "strategy": "SURGE"
                  }
                ],
                "version": "1.27.3-gke.100"
              }
            ],
            "node_pool_defaults": [
              {
                "node_config_defaults": [
                  {
                    "logging_variant": "DEFAULT"
                  }
                ]
              }
            ],
            "node_version": "1.27.3-gke.100",
            "notification_config": [
              {
                "pubsub": [
                  {
                    "enabled": false,
                    "filter": [],
                    "topic": ""
                  }
                ]
              }
            ],
            "operation": null,
            "private_cluster_config": [
              {
                "enable_private_endpoint": false,
                "enable_private_nodes": false,
                "master_global_access_config": [
                  {
                    "enabled": false
                  }
                ],
                "master_ipv4_cidr_block": "",
                "peering_name": "",
                "private_endpoint": "10.128.0.2",
                "private_endpoint_subnetwork": "",
                "public_endpoint": "104.198.42.248"
              }
            ],
            "private_ipv6_google_access": "",
            "project": "steam-circlet-355619",
            "release_channel": [
              {
                "channel": "REGULAR"
              }
            ],
            "remove_default_node_pool": null,
            "resource_labels": null,
            "resource_usage_export_config": [],
            "security_posture_config": [
              {
                "mode": "BASIC",
                "vulnerability_mode": "VULNERABILITY_MODE_UNSPECIFIED"
              }
            ],
            "self_link": "https://container.googleapis.com/v1/projects/steam-circlet-355619/locations/us-central1/clusters/i4tcluster",
            "service_external_ips_config": [
              {
                "enabled": false
              }
            ],
            "services_ipv4_cidr": "10.3.240.0/20",
            "subnetwork": "projects/steam-circlet-355619/regions/us-central1/subnetworks/default",
            "timeouts": null,
            "tpu_ipv4_cidr_block": "",
            "vertical_pod_autoscaling": [],
            "workload_identity_config": []
          },
          "sensitive_attributes": [],
          "private": "eyJlMmJmYjczMC1lY2FhLTExZTYtOGY4OC0zNDM2M2JjN2M0YzAiOnsiY3JlYXRlIjoyNDAwMDAwMDAwMDAwLCJkZWxldGUiOjI0MDAwMDAwMDAwMDAsInJlYWQiOjI0MDAwMDAwMDAwMDAsInVwZGF0ZSI6MzYwMDAwMDAwMDAwMH0sInNjaGVtYV92ZXJzaW9uIjoiMSJ9"
        }
      ]
    }
  ],
  "check_results": []
}
